// !$*UTF8*$!
{
	archiveVersion = 1;
	classes = {
	};
	objectVersion = 56;
	objects = {

/* Begin PBXBuildFile section */
		6D32F7B82A665585005D72C3 /* CategoryHome.swift in Sources */ = {isa = PBXBuildFile; fileRef = 6D32F7B72A665585005D72C3 /* CategoryHome.swift */; };
		6D32F7BA2A665A19005D72C3 /* CategoryRow.swift in Sources */ = {isa = PBXBuildFile; fileRef = 6D32F7B92A665A19005D72C3 /* CategoryRow.swift */; };
		6D32F7BC2A665C54005D72C3 /* CategoryItem.swift in Sources */ = {isa = PBXBuildFile; fileRef = 6D32F7BB2A665C54005D72C3 /* CategoryItem.swift */; };
		6D32F7BE2A6675B8005D72C3 /* Profile.swift in Sources */ = {isa = PBXBuildFile; fileRef = 6D32F7BD2A6675B8005D72C3 /* Profile.swift */; };
		6D32F7C52A667657005D72C3 /* RotatedBadgeSymbol.swift in Sources */ = {isa = PBXBuildFile; fileRef = 6D32F7C02A667657005D72C3 /* RotatedBadgeSymbol.swift */; };
		6D32F7C62A667657005D72C3 /* HexagonParameters.swift in Sources */ = {isa = PBXBuildFile; fileRef = 6D32F7C12A667657005D72C3 /* HexagonParameters.swift */; };
		6D32F7C72A667657005D72C3 /* BadgeSymbol.swift in Sources */ = {isa = PBXBuildFile; fileRef = 6D32F7C22A667657005D72C3 /* BadgeSymbol.swift */; };
		6D32F7C82A667657005D72C3 /* BadgeBackground.swift in Sources */ = {isa = PBXBuildFile; fileRef = 6D32F7C32A667657005D72C3 /* BadgeBackground.swift */; };
		6D32F7C92A667657005D72C3 /* Badge.swift in Sources */ = {isa = PBXBuildFile; fileRef = 6D32F7C42A667657005D72C3 /* Badge.swift */; };
		6D32F7CF2A667789005D72C3 /* GraphCapsule.swift in Sources */ = {isa = PBXBuildFile; fileRef = 6D32F7CB2A667789005D72C3 /* GraphCapsule.swift */; };
		6D32F7D02A667789005D72C3 /* HikeGraph.swift in Sources */ = {isa = PBXBuildFile; fileRef = 6D32F7CC2A667789005D72C3 /* HikeGraph.swift */; };
		6D32F7D12A667789005D72C3 /* HikeDetail.swift in Sources */ = {isa = PBXBuildFile; fileRef = 6D32F7CD2A667789005D72C3 /* HikeDetail.swift */; };
		6D32F7D22A667789005D72C3 /* HikeView.swift in Sources */ = {isa = PBXBuildFile; fileRef = 6D32F7CE2A667789005D72C3 /* HikeView.swift */; };
		6D7A6A5A2A5A995900B9E7A0 /* LandmarksApp.swift in Sources */ = {isa = PBXBuildFile; fileRef = 6D7A6A592A5A995900B9E7A0 /* LandmarksApp.swift */; };
		6D7A6A5C2A5A995900B9E7A0 /* ContentView.swift in Sources */ = {isa = PBXBuildFile; fileRef = 6D7A6A5B2A5A995900B9E7A0 /* ContentView.swift */; };
		6D7A6A5E2A5A995A00B9E7A0 /* Assets.xcassets in Resources */ = {isa = PBXBuildFile; fileRef = 6D7A6A5D2A5A995A00B9E7A0 /* Assets.xcassets */; };
		6D7A6A612A5A995A00B9E7A0 /* Preview Assets.xcassets in Resources */ = {isa = PBXBuildFile; fileRef = 6D7A6A602A5A995A00B9E7A0 /* Preview Assets.xcassets */; };
		6D7A6A682A5A9EC900B9E7A0 /* CircleImage.swift in Sources */ = {isa = PBXBuildFile; fileRef = 6D7A6A672A5A9EC900B9E7A0 /* CircleImage.swift */; };
		6D7A6A6A2A5AA02E00B9E7A0 /* MapView.swift in Sources */ = {isa = PBXBuildFile; fileRef = 6D7A6A692A5AA02E00B9E7A0 /* MapView.swift */; };
		6D7A6A6C2A5AA8F200B9E7A0 /* landmarkData.json in Resources */ = {isa = PBXBuildFile; fileRef = 6D7A6A6B2A5AA8F200B9E7A0 /* landmarkData.json */; };
		6D7A6A6E2A5AA93800B9E7A0 /* Landmark.swift in Sources */ = {isa = PBXBuildFile; fileRef = 6D7A6A6D2A5AA93800B9E7A0 /* Landmark.swift */; };
		6D7A6A702A5AAC7F00B9E7A0 /* ModelData.swift in Sources */ = {isa = PBXBuildFile; fileRef = 6D7A6A6F2A5AAC7F00B9E7A0 /* ModelData.swift */; };
		6D7A6A762A5AC64000B9E7A0 /* LandmarkRow.swift in Sources */ = {isa = PBXBuildFile; fileRef = 6D7A6A752A5AC64000B9E7A0 /* LandmarkRow.swift */; };
		6D7A6A782A5AC9CF00B9E7A0 /* LandmarkList.swift in Sources */ = {isa = PBXBuildFile; fileRef = 6D7A6A772A5AC9CF00B9E7A0 /* LandmarkList.swift */; };
		6D7A6AC82A5BAEF900B9E7A0 /* LandmarkDetail.swift in Sources */ = {isa = PBXBuildFile; fileRef = 6D7A6AC72A5BAEF900B9E7A0 /* LandmarkDetail.swift */; };
		6D7A6ACA2A60E3A600B9E7A0 /* FavoriteButton.swift in Sources */ = {isa = PBXBuildFile; fileRef = 6D7A6AC92A60E3A600B9E7A0 /* FavoriteButton.swift */; };
		6D7A6ACE2A60E9F000B9E7A0 /* hikeData.json in Resources */ = {isa = PBXBuildFile; fileRef = 6D7A6ACD2A60E9F000B9E7A0 /* hikeData.json */; };
		6D7A6AD02A60EA5900B9E7A0 /* Hike.swift in Sources */ = {isa = PBXBuildFile; fileRef = 6D7A6ACF2A60EA5900B9E7A0 /* Hike.swift */; };
/* End PBXBuildFile section */

/* Begin PBXFileReference section */
		6D32F7B72A665585005D72C3 /* CategoryHome.swift */ = {isa = PBXFileReference; lastKnownFileType = sourcecode.swift; path = CategoryHome.swift; sourceTree = "<group>"; };
		6D32F7B92A665A19005D72C3 /* CategoryRow.swift */ = {isa = PBXFileReference; lastKnownFileType = sourcecode.swift; path = CategoryRow.swift; sourceTree = "<group>"; };
		6D32F7BB2A665C54005D72C3 /* CategoryItem.swift */ = {isa = PBXFileReference; lastKnownFileType = sourcecode.swift; path = CategoryItem.swift; sourceTree = "<group>"; };
		6D32F7BD2A6675B8005D72C3 /* Profile.swift */ = {isa = PBXFileReference; lastKnownFileType = sourcecode.swift; path = Profile.swift; sourceTree = "<group>"; };
		6D32F7C02A667657005D72C3 /* RotatedBadgeSymbol.swift */ = {isa = PBXFileReference; fileEncoding = 4; lastKnownFileType = sourcecode.swift; path = RotatedBadgeSymbol.swift; sourceTree = "<group>"; };
		6D32F7C12A667657005D72C3 /* HexagonParameters.swift */ = {isa = PBXFileReference; fileEncoding = 4; lastKnownFileType = sourcecode.swift; path = HexagonParameters.swift; sourceTree = "<group>"; };
		6D32F7C22A667657005D72C3 /* BadgeSymbol.swift */ = {isa = PBXFileReference; fileEncoding = 4; lastKnownFileType = sourcecode.swift; path = BadgeSymbol.swift; sourceTree = "<group>"; };
		6D32F7C32A667657005D72C3 /* BadgeBackground.swift */ = {isa = PBXFileReference; fileEncoding = 4; lastKnownFileType = sourcecode.swift; path = BadgeBackground.swift; sourceTree = "<group>"; };
		6D32F7C42A667657005D72C3 /* Badge.swift */ = {isa = PBXFileReference; fileEncoding = 4; lastKnownFileType = sourcecode.swift; path = Badge.swift; sourceTree = "<group>"; };
		6D32F7CB2A667789005D72C3 /* GraphCapsule.swift */ = {isa = PBXFileReference; fileEncoding = 4; lastKnownFileType = sourcecode.swift; path = GraphCapsule.swift; sourceTree = "<group>"; };
		6D32F7CC2A667789005D72C3 /* HikeGraph.swift */ = {isa = PBXFileReference; fileEncoding = 4; lastKnownFileType = sourcecode.swift; path = HikeGraph.swift; sourceTree = "<group>"; };
		6D32F7CD2A667789005D72C3 /* HikeDetail.swift */ = {isa = PBXFileReference; fileEncoding = 4; lastKnownFileType = sourcecode.swift; path = HikeDetail.swift; sourceTree = "<group>"; };
		6D32F7CE2A667789005D72C3 /* HikeView.swift */ = {isa = PBXFileReference; fileEncoding = 4; lastKnownFileType = sourcecode.swift; path = HikeView.swift; sourceTree = "<group>"; };
		6D7A6A562A5A995900B9E7A0 /* Landmarks.app */ = {isa = PBXFileReference; explicitFileType = wrapper.application; includeInIndex = 0; path = Landmarks.app; sourceTree = BUILT_PRODUCTS_DIR; };
		6D7A6A592A5A995900B9E7A0 /* LandmarksApp.swift */ = {isa = PBXFileReference; lastKnownFileType = sourcecode.swift; path = LandmarksApp.swift; sourceTree = "<group>"; };
		6D7A6A5B2A5A995900B9E7A0 /* ContentView.swift */ = {isa = PBXFileReference; lastKnownFileType = sourcecode.swift; path = ContentView.swift; sourceTree = "<group>"; };
		6D7A6A5D2A5A995A00B9E7A0 /* Assets.xcassets */ = {isa = PBXFileReference; lastKnownFileType = folder.assetcatalog; path = Assets.xcassets; sourceTree = "<group>"; };
		6D7A6A602A5A995A00B9E7A0 /* Preview Assets.xcassets */ = {isa = PBXFileReference; lastKnownFileType = folder.assetcatalog; path = "Preview Assets.xcassets"; sourceTree = "<group>"; };
		6D7A6A672A5A9EC900B9E7A0 /* CircleImage.swift */ = {isa = PBXFileReference; lastKnownFileType = sourcecode.swift; path = CircleImage.swift; sourceTree = "<group>"; };
		6D7A6A692A5AA02E00B9E7A0 /* MapView.swift */ = {isa = PBXFileReference; lastKnownFileType = sourcecode.swift; path = MapView.swift; sourceTree = "<group>"; };
		6D7A6A6B2A5AA8F200B9E7A0 /* landmarkData.json */ = {isa = PBXFileReference; fileEncoding = 4; lastKnownFileType = text.json; path = landmarkData.json; sourceTree = "<group>"; };
		6D7A6A6D2A5AA93800B9E7A0 /* Landmark.swift */ = {isa = PBXFileReference; lastKnownFileType = sourcecode.swift; path = Landmark.swift; sourceTree = "<group>"; };
		6D7A6A6F2A5AAC7F00B9E7A0 /* ModelData.swift */ = {isa = PBXFileReference; lastKnownFileType = sourcecode.swift; path = ModelData.swift; sourceTree = "<group>"; };
		6D7A6A752A5AC64000B9E7A0 /* LandmarkRow.swift */ = {isa = PBXFileReference; lastKnownFileType = sourcecode.swift; path = LandmarkRow.swift; sourceTree = "<group>"; };
		6D7A6A772A5AC9CF00B9E7A0 /* LandmarkList.swift */ = {isa = PBXFileReference; lastKnownFileType = sourcecode.swift; path = LandmarkList.swift; sourceTree = "<group>"; };
		6D7A6AC72A5BAEF900B9E7A0 /* LandmarkDetail.swift */ = {isa = PBXFileReference; lastKnownFileType = sourcecode.swift; path = LandmarkDetail.swift; sourceTree = "<group>"; };
		6D7A6AC92A60E3A600B9E7A0 /* FavoriteButton.swift */ = {isa = PBXFileReference; lastKnownFileType = sourcecode.swift; path = FavoriteButton.swift; sourceTree = "<group>"; };
		6D7A6ACD2A60E9F000B9E7A0 /* hikeData.json */ = {isa = PBXFileReference; fileEncoding = 4; lastKnownFileType = text.json; path = hikeData.json; sourceTree = "<group>"; };
		6D7A6ACF2A60EA5900B9E7A0 /* Hike.swift */ = {isa = PBXFileReference; lastKnownFileType = sourcecode.swift; path = Hike.swift; sourceTree = "<group>"; };
/* End PBXFileReference section */

/* Begin PBXFrameworksBuildPhase section */
		6D7A6A532A5A995900B9E7A0 /* Frameworks */ = {
			isa = PBXFrameworksBuildPhase;
			buildActionMask = 2147483647;
			files = (
			);
			runOnlyForDeploymentPostprocessing = 0;
		};
/* End PBXFrameworksBuildPhase section */

/* Begin PBXGroup section */
		6D32F7BF2A667657005D72C3 /* Badges */ = {
			isa = PBXGroup;
			children = (
				6D32F7C02A667657005D72C3 /* RotatedBadgeSymbol.swift */,
				6D32F7C12A667657005D72C3 /* HexagonParameters.swift */,
				6D32F7C22A667657005D72C3 /* BadgeSymbol.swift */,
				6D32F7C32A667657005D72C3 /* BadgeBackground.swift */,
				6D32F7C42A667657005D72C3 /* Badge.swift */,
			);
			path = Badges;
			sourceTree = "<group>";
		};
		6D32F7CA2A667789005D72C3 /* Hikes */ = {
			isa = PBXGroup;
			children = (
				6D32F7CB2A667789005D72C3 /* GraphCapsule.swift */,
				6D32F7CC2A667789005D72C3 /* HikeGraph.swift */,
				6D32F7CD2A667789005D72C3 /* HikeDetail.swift */,
				6D32F7CE2A667789005D72C3 /* HikeView.swift */,
			);
			path = Hikes;
			sourceTree = "<group>";
		};
		6D7A6A4D2A5A995900B9E7A0 = {
			isa = PBXGroup;
			children = (
				6D7A6A582A5A995900B9E7A0 /* Landmarks */,
				6D7A6A572A5A995900B9E7A0 /* Products */,
			);
			sourceTree = "<group>";
		};
		6D7A6A572A5A995900B9E7A0 /* Products */ = {
			isa = PBXGroup;
			children = (
				6D7A6A562A5A995900B9E7A0 /* Landmarks.app */,
			);
			name = Products;
			sourceTree = "<group>";
		};
		6D7A6A582A5A995900B9E7A0 /* Landmarks */ = {
			isa = PBXGroup;
			children = (
				6D7A6A592A5A995900B9E7A0 /* LandmarksApp.swift */,
				6D7A6A732A5AAE6A00B9E7A0 /* Model */,
				6D7A6A722A5AAE4900B9E7A0 /* Views */,
				6D7A6A5D2A5A995A00B9E7A0 /* Assets.xcassets */,
				6D7A6A5F2A5A995A00B9E7A0 /* Preview Content */,
				6D7A6A742A5AAE9D00B9E7A0 /* Resources */,
			);
			path = Landmarks;
			sourceTree = "<group>";
		};
		6D7A6A5F2A5A995A00B9E7A0 /* Preview Content */ = {
			isa = PBXGroup;
			children = (
				6D7A6A602A5A995A00B9E7A0 /* Preview Assets.xcassets */,
			);
			path = "Preview Content";
			sourceTree = "<group>";
		};
		6D7A6A722A5AAE4900B9E7A0 /* Views */ = {
			isa = PBXGroup;
			children = (
				6D32F7CA2A667789005D72C3 /* Hikes */,
				6D32F7BF2A667657005D72C3 /* Badges */,
				6D7A6ACC2A60E51200B9E7A0 /* Helpers */,
				6D7A6ACB2A60E50300B9E7A0 /* Landmarks */,
				6D7A6A5B2A5A995900B9E7A0 /* ContentView.swift */,
				6D32F7B72A665585005D72C3 /* CategoryHome.swift */,
				6D32F7B92A665A19005D72C3 /* CategoryRow.swift */,
				6D32F7BB2A665C54005D72C3 /* CategoryItem.swift */,
			);
			path = Views;
			sourceTree = "<group>";
		};
		6D7A6A732A5AAE6A00B9E7A0 /* Model */ = {
			isa = PBXGroup;
			children = (
				6D7A6A6F2A5AAC7F00B9E7A0 /* ModelData.swift */,
				6D7A6A6D2A5AA93800B9E7A0 /* Landmark.swift */,
				6D7A6ACF2A60EA5900B9E7A0 /* Hike.swift */,
				6D32F7BD2A6675B8005D72C3 /* Profile.swift */,
			);
			path = Model;
			sourceTree = "<group>";
		};
		6D7A6A742A5AAE9D00B9E7A0 /* Resources */ = {
			isa = PBXGroup;
			children = (
				6D7A6ACD2A60E9F000B9E7A0 /* hikeData.json */,
				6D7A6A6B2A5AA8F200B9E7A0 /* landmarkData.json */,
			);
			path = Resources;
			sourceTree = "<group>";
		};
		6D7A6ACB2A60E50300B9E7A0 /* Landmarks */ = {
			isa = PBXGroup;
			children = (
				6D7A6A772A5AC9CF00B9E7A0 /* LandmarkList.swift */,
				6D7A6A752A5AC64000B9E7A0 /* LandmarkRow.swift */,
				6D7A6AC72A5BAEF900B9E7A0 /* LandmarkDetail.swift */,
			);
			path = Landmarks;
			sourceTree = "<group>";
		};
		6D7A6ACC2A60E51200B9E7A0 /* Helpers */ = {
			isa = PBXGroup;
			children = (
				6D7A6A672A5A9EC900B9E7A0 /* CircleImage.swift */,
				6D7A6A692A5AA02E00B9E7A0 /* MapView.swift */,
				6D7A6AC92A60E3A600B9E7A0 /* FavoriteButton.swift */,
			);
			path = Helpers;
			sourceTree = "<group>";
		};
/* End PBXGroup section */

/* Begin PBXNativeTarget section */
		6D7A6A552A5A995900B9E7A0 /* Landmarks */ = {
			isa = PBXNativeTarget;
			buildConfigurationList = 6D7A6A642A5A995A00B9E7A0 /* Build configuration list for PBXNativeTarget "Landmarks" */;
			buildPhases = (
				6D7A6A522A5A995900B9E7A0 /* Sources */,
				6D7A6A532A5A995900B9E7A0 /* Frameworks */,
				6D7A6A542A5A995900B9E7A0 /* Resources */,
			);
			buildRules = (
			);
			dependencies = (
			);
			name = Landmarks;
			productName = Landmarks;
			productReference = 6D7A6A562A5A995900B9E7A0 /* Landmarks.app */;
			productType = "com.apple.product-type.application";
		};
/* End PBXNativeTarget section */

/* Begin PBXProject section */
		6D7A6A4E2A5A995900B9E7A0 /* Project object */ = {
			isa = PBXProject;
			attributes = {
				BuildIndependentTargetsInParallel = 1;
				LastSwiftUpdateCheck = 1430;
				LastUpgradeCheck = 1430;
				TargetAttributes = {
					6D7A6A552A5A995900B9E7A0 = {
						CreatedOnToolsVersion = 14.3.1;
					};
				};
			};
			buildConfigurationList = 6D7A6A512A5A995900B9E7A0 /* Build configuration list for PBXProject "Landmarks" */;
			compatibilityVersion = "Xcode 14.0";
			developmentRegion = en;
			hasScannedForEncodings = 0;
			knownRegions = (
				en,
				Base,
			);
			mainGroup = 6D7A6A4D2A5A995900B9E7A0;
			productRefGroup = 6D7A6A572A5A995900B9E7A0 /* Products */;
			projectDirPath = "";
			projectRoot = "";
			targets = (
				6D7A6A552A5A995900B9E7A0 /* Landmarks */,
			);
		};
/* End PBXProject section */

/* Begin PBXResourcesBuildPhase section */
		6D7A6A542A5A995900B9E7A0 /* Resources */ = {
			isa = PBXResourcesBuildPhase;
			buildActionMask = 2147483647;
			files = (
				6D7A6ACE2A60E9F000B9E7A0 /* hikeData.json in Resources */,
				6D7A6A612A5A995A00B9E7A0 /* Preview Assets.xcassets in Resources */,
				6D7A6A5E2A5A995A00B9E7A0 /* Assets.xcassets in Resources */,
				6D7A6A6C2A5AA8F200B9E7A0 /* landmarkData.json in Resources */,
			);
			runOnlyForDeploymentPostprocessing = 0;
		};
/* End PBXResourcesBuildPhase section */

/* Begin PBXSourcesBuildPhase section */
		6D7A6A522A5A995900B9E7A0 /* Sources */ = {
			isa = PBXSourcesBuildPhase;
			buildActionMask = 2147483647;
			files = (
				6D32F7C62A667657005D72C3 /* HexagonParameters.swift in Sources */,
				6D32F7D02A667789005D72C3 /* HikeGraph.swift in Sources */,
				6D32F7C92A667657005D72C3 /* Badge.swift in Sources */,
				6D7A6A5C2A5A995900B9E7A0 /* ContentView.swift in Sources */,
				6D32F7D12A667789005D72C3 /* HikeDetail.swift in Sources */,
				6D7A6A6A2A5AA02E00B9E7A0 /* MapView.swift in Sources */,
				6D7A6A682A5A9EC900B9E7A0 /* CircleImage.swift in Sources */,
				6D32F7C52A667657005D72C3 /* RotatedBadgeSymbol.swift in Sources */,
				6D32F7C72A667657005D72C3 /* BadgeSymbol.swift in Sources */,
				6D7A6ACA2A60E3A600B9E7A0 /* FavoriteButton.swift in Sources */,
				6D32F7BC2A665C54005D72C3 /* CategoryItem.swift in Sources */,
				6D32F7B82A665585005D72C3 /* CategoryHome.swift in Sources */,
				6D7A6AD02A60EA5900B9E7A0 /* Hike.swift in Sources */,
				6D32F7D22A667789005D72C3 /* HikeView.swift in Sources */,
				6D7A6A782A5AC9CF00B9E7A0 /* LandmarkList.swift in Sources */,
				6D7A6AC82A5BAEF900B9E7A0 /* LandmarkDetail.swift in Sources */,
				6D32F7BA2A665A19005D72C3 /* CategoryRow.swift in Sources */,
				6D7A6A5A2A5A995900B9E7A0 /* LandmarksApp.swift in Sources */,
				6D7A6A6E2A5AA93800B9E7A0 /* Landmark.swift in Sources */,
				6D32F7C82A667657005D72C3 /* BadgeBackground.swift in Sources */,
				6D7A6A762A5AC64000B9E7A0 /* LandmarkRow.swift in Sources */,
				6D32F7BE2A6675B8005D72C3 /* Profile.swift in Sources */,
				6D7A6A702A5AAC7F00B9E7A0 /* ModelData.swift in Sources */,
				6D32F7CF2A667789005D72C3 /* GraphCapsule.swift in Sources */,
			);
			runOnlyForDeploymentPostprocessing = 0;
		};
/* End PBXSourcesBuildPhase section */

/* Begin XCBuildConfiguration section */
		6D7A6A622A5A995A00B9E7A0 /* Debug */ = {
			isa = XCBuildConfiguration;
			buildSettings = {
				ALWAYS_SEARCH_USER_PATHS = NO;
				CLANG_ANALYZER_NONNULL = YES;
				CLANG_ANALYZER_NUMBER_OBJECT_CONVERSION = YES_AGGRESSIVE;
				CLANG_CXX_LANGUAGE_STANDARD = "gnu++20";
				CLANG_ENABLE_MODULES = YES;
				CLANG_ENABLE_OBJC_ARC = YES;
				CLANG_ENABLE_OBJC_WEAK = YES;
				CLANG_WARN_BLOCK_CAPTURE_AUTORELEASING = YES;
				CLANG_WARN_BOOL_CONVERSION = YES;
				CLANG_WARN_COMMA = YES;
				CLANG_WARN_CONSTANT_CONVERSION = YES;
				CLANG_WARN_DEPRECATED_OBJC_IMPLEMENTATIONS = YES;
				CLANG_WARN_DIRECT_OBJC_ISA_USAGE = YES_ERROR;
				CLANG_WARN_DOCUMENTATION_COMMENTS = YES;
				CLANG_WARN_EMPTY_BODY = YES;
				CLANG_WARN_ENUM_CONVERSION = YES;
				CLANG_WARN_INFINITE_RECURSION = YES;
				CLANG_WARN_INT_CONVERSION = YES;
				CLANG_WARN_NON_LITERAL_NULL_CONVERSION = YES;
				CLANG_WARN_OBJC_IMPLICIT_RETAIN_SELF = YES;
				CLANG_WARN_OBJC_LITERAL_CONVERSION = YES;
				CLANG_WARN_OBJC_ROOT_CLASS = YES_ERROR;
				CLANG_WARN_QUOTED_INCLUDE_IN_FRAMEWORK_HEADER = YES;
				CLANG_WARN_RANGE_LOOP_ANALYSIS = YES;
				CLANG_WARN_STRICT_PROTOTYPES = YES;
				CLANG_WARN_SUSPICIOUS_MOVE = YES;
				CLANG_WARN_UNGUARDED_AVAILABILITY = YES_AGGRESSIVE;
				CLANG_WARN_UNREACHABLE_CODE = YES;
				CLANG_WARN__DUPLICATE_METHOD_MATCH = YES;
				COPY_PHASE_STRIP = NO;
				DEBUG_INFORMATION_FORMAT = dwarf;
				ENABLE_STRICT_OBJC_MSGSEND = YES;
				ENABLE_TESTABILITY = YES;
				GCC_C_LANGUAGE_STANDARD = gnu11;
				GCC_DYNAMIC_NO_PIC = NO;
				GCC_NO_COMMON_BLOCKS = YES;
				GCC_OPTIMIZATION_LEVEL = 0;
				GCC_PREPROCESSOR_DEFINITIONS = (
					"DEBUG=1",
					"$(inherited)",
				);
				GCC_WARN_64_TO_32_BIT_CONVERSION = YES;
				GCC_WARN_ABOUT_RETURN_TYPE = YES_ERROR;
				GCC_WARN_UNDECLARED_SELECTOR = YES;
				GCC_WARN_UNINITIALIZED_AUTOS = YES_AGGRESSIVE;
				GCC_WARN_UNUSED_FUNCTION = YES;
				GCC_WARN_UNUSED_VARIABLE = YES;
				IPHONEOS_DEPLOYMENT_TARGET = 16.4;
				MTL_ENABLE_DEBUG_INFO = INCLUDE_SOURCE;
				MTL_FAST_MATH = YES;
				ONLY_ACTIVE_ARCH = YES;
				SDKROOT = iphoneos;
				SWIFT_ACTIVE_COMPILATION_CONDITIONS = DEBUG;
				SWIFT_OPTIMIZATION_LEVEL = "-Onone";
			};
			name = Debug;
		};
		6D7A6A632A5A995A00B9E7A0 /* Release */ = {
			isa = XCBuildConfiguration;
			buildSettings = {
				ALWAYS_SEARCH_USER_PATHS = NO;
				CLANG_ANALYZER_NONNULL = YES;
				CLANG_ANALYZER_NUMBER_OBJECT_CONVERSION = YES_AGGRESSIVE;
				CLANG_CXX_LANGUAGE_STANDARD = "gnu++20";
				CLANG_ENABLE_MODULES = YES;
				CLANG_ENABLE_OBJC_ARC = YES;
				CLANG_ENABLE_OBJC_WEAK = YES;
				CLANG_WARN_BLOCK_CAPTURE_AUTORELEASING = YES;
				CLANG_WARN_BOOL_CONVERSION = YES;
				CLANG_WARN_COMMA = YES;
				CLANG_WARN_CONSTANT_CONVERSION = YES;
				CLANG_WARN_DEPRECATED_OBJC_IMPLEMENTATIONS = YES;
				CLANG_WARN_DIRECT_OBJC_ISA_USAGE = YES_ERROR;
				CLANG_WARN_DOCUMENTATION_COMMENTS = YES;
				CLANG_WARN_EMPTY_BODY = YES;
				CLANG_WARN_ENUM_CONVERSION = YES;
				CLANG_WARN_INFINITE_RECURSION = YES;
				CLANG_WARN_INT_CONVERSION = YES;
				CLANG_WARN_NON_LITERAL_NULL_CONVERSION = YES;
				CLANG_WARN_OBJC_IMPLICIT_RETAIN_SELF = YES;
				CLANG_WARN_OBJC_LITERAL_CONVERSION = YES;
				CLANG_WARN_OBJC_ROOT_CLASS = YES_ERROR;
				CLANG_WARN_QUOTED_INCLUDE_IN_FRAMEWORK_HEADER = YES;
				CLANG_WARN_RANGE_LOOP_ANALYSIS = YES;
				CLANG_WARN_STRICT_PROTOTYPES = YES;
				CLANG_WARN_SUSPICIOUS_MOVE = YES;
				CLANG_WARN_UNGUARDED_AVAILABILITY = YES_AGGRESSIVE;
				CLANG_WARN_UNREACHABLE_CODE = YES;
				CLANG_WARN__DUPLICATE_METHOD_MATCH = YES;
				COPY_PHASE_STRIP = NO;
				DEBUG_INFORMATION_FORMAT = "dwarf-with-dsym";
				ENABLE_NS_ASSERTIONS = NO;
				ENABLE_STRICT_OBJC_MSGSEND = YES;
				GCC_C_LANGUAGE_STANDARD = gnu11;
				GCC_NO_COMMON_BLOCKS = YES;
				GCC_WARN_64_TO_32_BIT_CONVERSION = YES;
				GCC_WARN_ABOUT_RETURN_TYPE = YES_ERROR;
				GCC_WARN_UNDECLARED_SELECTOR = YES;
				GCC_WARN_UNINITIALIZED_AUTOS = YES_AGGRESSIVE;
				GCC_WARN_UNUSED_FUNCTION = YES;
				GCC_WARN_UNUSED_VARIABLE = YES;
				IPHONEOS_DEPLOYMENT_TARGET = 16.4;
				MTL_ENABLE_DEBUG_INFO = NO;
				MTL_FAST_MATH = YES;
				SDKROOT = iphoneos;
				SWIFT_COMPILATION_MODE = wholemodule;
				SWIFT_OPTIMIZATION_LEVEL = "-O";
				VALIDATE_PRODUCT = YES;
			};
			name = Release;
		};
		6D7A6A652A5A995A00B9E7A0 /* Debug */ = {
			isa = XCBuildConfiguration;
			buildSettings = {
				ASSETCATALOG_COMPILER_APPICON_NAME = AppIcon;
				ASSETCATALOG_COMPILER_GLOBAL_ACCENT_COLOR_NAME = AccentColor;
				CODE_SIGN_STYLE = Automatic;
				CURRENT_PROJECT_VERSION = 1;
				DEVELOPMENT_ASSET_PATHS = "\"Landmarks/Preview Content\"";
				DEVELOPMENT_TEAM = 28MG55DMW7;
				ENABLE_PREVIEWS = YES;
				GENERATE_INFOPLIST_FILE = YES;
				INFOPLIST_KEY_UIApplicationSceneManifest_Generation = YES;
				INFOPLIST_KEY_UIApplicationSupportsIndirectInputEvents = YES;
				INFOPLIST_KEY_UILaunchScreen_Generation = YES;
				INFOPLIST_KEY_UISupportedInterfaceOrientations_iPad = "UIInterfaceOrientationPortrait UIInterfaceOrientationPortraitUpsideDown UIInterfaceOrientationLandscapeLeft UIInterfaceOrientationLandscapeRight";
				INFOPLIST_KEY_UISupportedInterfaceOrientations_iPhone = "UIInterfaceOrientationPortrait UIInterfaceOrientationLandscapeLeft UIInterfaceOrientationLandscapeRight";
				LD_RUNPATH_SEARCH_PATHS = (
					"$(inherited)",
					"@executable_path/Frameworks",
				);
				MARKETING_VERSION = 1.0;
				PRODUCT_BUNDLE_IDENTIFIER = com.JacklynTsai.Landmarks;
				PRODUCT_NAME = "$(TARGET_NAME)";
				SWIFT_EMIT_LOC_STRINGS = YES;
				SWIFT_VERSION = 5.0;
				TARGETED_DEVICE_FAMILY = "1,2";
			};
			name = Debug;
		};
		6D7A6A662A5A995A00B9E7A0 /* Release */ = {
			isa = XCBuildConfiguration;
			buildSettings = {
				ASSETCATALOG_COMPILER_APPICON_NAME = AppIcon;
				ASSETCATALOG_COMPILER_GLOBAL_ACCENT_COLOR_NAME = AccentColor;
				CODE_SIGN_STYLE = Automatic;
				CURRENT_PROJECT_VERSION = 1;
				DEVELOPMENT_ASSET_PATHS = "\"Landmarks/Preview Content\"";
				DEVELOPMENT_TEAM = 28MG55DMW7;
				ENABLE_PREVIEWS = YES;
				GENERATE_INFOPLIST_FILE = YES;
				INFOPLIST_KEY_UIApplicationSceneManifest_Generation = YES;
				INFOPLIST_KEY_UIApplicationSupportsIndirectInputEvents = YES;
				INFOPLIST_KEY_UILaunchScreen_Generation = YES;
				INFOPLIST_KEY_UISupportedInterfaceOrientations_iPad = "UIInterfaceOrientationPortrait UIInterfaceOrientationPortraitUpsideDown UIInterfaceOrientationLandscapeLeft UIInterfaceOrientationLandscapeRight";
				INFOPLIST_KEY_UISupportedInterfaceOrientations_iPhone = "UIInterfaceOrientationPortrait UIInterfaceOrientationLandscapeLeft UIInterfaceOrientationLandscapeRight";
				LD_RUNPATH_SEARCH_PATHS = (
					"$(inherited)",
					"@executable_path/Frameworks",
				);
				MARKETING_VERSION = 1.0;
				PRODUCT_BUNDLE_IDENTIFIER = com.JacklynTsai.Landmarks;
				PRODUCT_NAME = "$(TARGET_NAME)";
				SWIFT_EMIT_LOC_STRINGS = YES;
				SWIFT_VERSION = 5.0;
				TARGETED_DEVICE_FAMILY = "1,2";
			};
			name = Release;
		};
/* End XCBuildConfiguration section */

/* Begin XCConfigurationList section */
		6D7A6A512A5A995900B9E7A0 /* Build configuration list for PBXProject "Landmarks" */ = {
			isa = XCConfigurationList;
			buildConfigurations = (
				6D7A6A622A5A995A00B9E7A0 /* Debug */,
				6D7A6A632A5A995A00B9E7A0 /* Release */,
			);
			defaultConfigurationIsVisible = 0;
			defaultConfigurationName = Release;
		};
		6D7A6A642A5A995A00B9E7A0 /* Build configuration list for PBXNativeTarget "Landmarks" */ = {
			isa = XCConfigurationList;
			buildConfigurations = (
				6D7A6A652A5A995A00B9E7A0 /* Debug */,
				6D7A6A662A5A995A00B9E7A0 /* Release */,
			);
			defaultConfigurationIsVisible = 0;
			defaultConfigurationName = Release;
		};
/* End XCConfigurationList section */
	};
	rootObject = 6D7A6A4E2A5A995900B9E7A0 /* Project object */;
}
